
Microsoft Visual Studio Solution File, Format Version 12.00
# Visual Studio Version 17
VisualStudioVersion = 17.1.32210.238
MinimumVisualStudioVersion = 10.0.40219.1
Project("{FAE04EC0-301F-11D3-BF4B-00C04F79EFBC}") = "API", "API\API.csproj", "{0E5544AB-9987-46FD-BE72-4401085ECBE6}"
EndProject
Project("{FAE04EC0-301F-11D3-BF4B-00C04F79EFBC}") = "Domain", "Domain\Domain.csproj", "{051C0D0C-4D00-4673-83E6-0E33D57361F8}"
EndProject
Project("{FAE04EC0-301F-11D3-BF4B-00C04F79EFBC}") = "Persistence", "Persistence\Persistence.csproj", "{C9C2DCFD-10CE-4A0F-AEF3-244A8F001710}"
EndProject
Project("{FAE04EC0-301F-11D3-BF4B-00C04F79EFBC}") = "Application", "Application\Application.csproj", "{B1A66E40-D45B-4005-A4CA-D4D0DC336B91}"
EndProject
Project("{FAE04EC0-301F-11D3-BF4B-00C04F79EFBC}") = "Identity", "Identity\Identity.csproj", "{54A4DEB2-DFC1-40AF-8932-E7264A21D165}"
EndProject
Global
	GlobalSection(SolutionConfigurationPlatforms) = preSolution
		Debug|Any CPU = Debug|Any CPU
		Release|Any CPU = Release|Any CPU
	EndGlobalSection
	GlobalSection(ProjectConfigurationPlatforms) = postSolution
		{0E5544AB-9987-46FD-BE72-4401085ECBE6}.Debug|Any CPU.ActiveCfg = Debug|Any CPU
		{0E5544AB-9987-46FD-BE72-4401085ECBE6}.Debug|Any CPU.Build.0 = Debug|Any CPU
		{0E5544AB-9987-46FD-BE72-4401085ECBE6}.Release|Any CPU.ActiveCfg = Release|Any CPU
		{0E5544AB-9987-46FD-BE72-4401085ECBE6}.Release|Any CPU.Build.0 = Release|Any CPU
		{051C0D0C-4D00-4673-83E6-0E33D57361F8}.Debug|Any CPU.ActiveCfg = Debug|Any CPU
		{051C0D0C-4D00-4673-83E6-0E33D57361F8}.Debug|Any CPU.Build.0 = Debug|Any CPU
		{051C0D0C-4D00-4673-83E6-0E33D57361F8}.Release|Any CPU.ActiveCfg = Release|Any CPU
		{051C0D0C-4D00-4673-83E6-0E33D57361F8}.Release|Any CPU.Build.0 = Release|Any CPU
		{C9C2DCFD-10CE-4A0F-AEF3-244A8F001710}.Debug|Any CPU.ActiveCfg = Debug|Any CPU
		{C9C2DCFD-10CE-4A0F-AEF3-244A8F001710}.Debug|Any CPU.Build.0 = Debug|Any CPU
		{C9C2DCFD-10CE-4A0F-AEF3-244A8F001710}.Release|Any CPU.ActiveCfg = Release|Any CPU
		{C9C2DCFD-10CE-4A0F-AEF3-244A8F001710}.Release|Any CPU.Build.0 = Release|Any CPU
		{B1A66E40-D45B-4005-A4CA-D4D0DC336B91}.Debug|Any CPU.ActiveCfg = Debug|Any CPU
		{B1A66E40-D45B-4005-A4CA-D4D0DC336B91}.Debug|Any CPU.Build.0 = Debug|Any CPU
		{B1A66E40-D45B-4005-A4CA-D4D0DC336B91}.Release|Any CPU.ActiveCfg = Release|Any CPU
		{B1A66E40-D45B-4005-A4CA-D4D0DC336B91}.Release|Any CPU.Build.0 = Release|Any CPU
		{54A4DEB2-DFC1-40AF-8932-E7264A21D165}.Debug|Any CPU.ActiveCfg = Debug|Any CPU
		{54A4DEB2-DFC1-40AF-8932-E7264A21D165}.Debug|Any CPU.Build.0 = Debug|Any CPU
		{54A4DEB2-DFC1-40AF-8932-E7264A21D165}.Release|Any CPU.ActiveCfg = Release|Any CPU
		{54A4DEB2-DFC1-40AF-8932-E7264A21D165}.Release|Any CPU.Build.0 = Release|Any CPU
	EndGlobalSection
	GlobalSection(SolutionProperties) = preSolution
		HideSolutionNode = FALSE
	EndGlobalSection
	GlobalSection(ExtensibilityGlobals) = postSolution
		SolutionGuid = {9B57D0C4-16CB-4CB1-ACBB-9EDB8888B476}
	EndGlobalSection
EndGlobal
